
Microsoft Visual Studio Solution File, Format Version 12.00
# Visual Studio Version 17
VisualStudioVersion = 17.13.35919.96
MinimumVisualStudioVersion = 10.0.40219.1
Project("{FAE04EC0-301F-11D3-BF4B-00C04F79EFBC}") = "bikamovie", "bikamovie\bikamovie.csproj", "{0A32732A-1E9E-48A0-9A91-B5D75B48B13D}"
EndProject
Global
	GlobalSection(SolutionConfigurationPlatforms) = preSolution
		Debug|Any CPU = Debug|Any CPU
		Release|Any CPU = Release|Any CPU
	EndGlobalSection
	GlobalSection(ProjectConfigurationPlatforms) = postSolution
		{0A32732A-1E9E-48A0-9A91-B5D75B48B13D}.Debug|Any CPU.ActiveCfg = Debug|Any CPU
		{0A32732A-1E9E-48A0-9A91-B5D75B48B13D}.Debug|Any CPU.Build.0 = Debug|Any CPU
		{0A32732A-1E9E-48A0-9A91-B5D75B48B13D}.Release|Any CPU.ActiveCfg = Release|Any CPU
		{0A32732A-1E9E-48A0-9A91-B5D75B48B13D}.Release|Any CPU.Build.0 = Release|Any CPU
	EndGlobalSection
	GlobalSection(SolutionProperties) = preSolution
		HideSolutionNode = FALSE
	EndGlobalSection
	GlobalSection(ExtensibilityGlobals) = postSolution
		SolutionGuid = {7FC3F7FC-25B7-4283-B45C-5DB0E5E93D90}
	EndGlobalSection
EndGlobal
